
Microsoft Visual Studio Solution File, Format Version 12.00
# Visual Studio Version 17
VisualStudioVersion = 17.7.34009.444
MinimumVisualStudioVersion = 10.0.40219.1
Project("{FAE04EC0-301F-11D3-BF4B-00C04F79EFBC}") = "imc", "imc\imc.csproj", "{7C2FA268-801E-4426-B222-98019C1170DC}"
EndProject
Global
	GlobalSection(SolutionConfigurationPlatforms) = preSolution
		Debug|Any CPU = Debug|Any CPU
		Release|Any CPU = Release|Any CPU
	EndGlobalSection
	GlobalSection(ProjectConfigurationPlatforms) = postSolution
		{7C2FA268-801E-4426-B222-98019C1170DC}.Debug|Any CPU.ActiveCfg = Debug|Any CPU
		{7C2FA268-801E-4426-B222-98019C1170DC}.Debug|Any CPU.Build.0 = Debug|Any CPU
		{7C2FA268-801E-4426-B222-98019C1170DC}.Release|Any CPU.ActiveCfg = Release|Any CPU
		{7C2FA268-801E-4426-B222-98019C1170DC}.Release|Any CPU.Build.0 = Release|Any CPU
	EndGlobalSection
	GlobalSection(SolutionProperties) = preSolution
		HideSolutionNode = FALSE
	EndGlobalSection
	GlobalSection(ExtensibilityGlobals) = postSolution
		SolutionGuid = {E02C5F83-8C96-4CF3-BC5E-F7F0856EBB80}
	EndGlobalSection
EndGlobal
